
Microsoft Visual Studio Solution File, Format Version 12.00
# Visual Studio Version 16
VisualStudioVersion = 16.0.31410.357
MinimumVisualStudioVersion = 10.0.40219.1
Project("{9A19103F-16F7-4668-BE54-9A1E7A4F7556}") = "LeetCodeTasks", "LeetCodeTasks\LeetCodeTasks.csproj", "{7E28F4CF-E83F-425B-983A-5527556EAF91}"
EndProject
Project("{FAE04EC0-301F-11D3-BF4B-00C04F79EFBC}") = "DebugTasks", "DebugTasks\DebugTasks.csproj", "{1C81D90D-7E8B-4160-90FA-453E3E6877C3}"
EndProject
Global
	GlobalSection(SolutionConfigurationPlatforms) = preSolution
		Debug|Any CPU = Debug|Any CPU
		Release|Any CPU = Release|Any CPU
	EndGlobalSection
	GlobalSection(ProjectConfigurationPlatforms) = postSolution
		{7E28F4CF-E83F-425B-983A-5527556EAF91}.Debug|Any CPU.ActiveCfg = Debug|Any CPU
		{7E28F4CF-E83F-425B-983A-5527556EAF91}.Debug|Any CPU.Build.0 = Debug|Any CPU
		{7E28F4CF-E83F-425B-983A-5527556EAF91}.Release|Any CPU.ActiveCfg = Release|Any CPU
		{7E28F4CF-E83F-425B-983A-5527556EAF91}.Release|Any CPU.Build.0 = Release|Any CPU
		{1C81D90D-7E8B-4160-90FA-453E3E6877C3}.Debug|Any CPU.ActiveCfg = Debug|Any CPU
		{1C81D90D-7E8B-4160-90FA-453E3E6877C3}.Debug|Any CPU.Build.0 = Debug|Any CPU
		{1C81D90D-7E8B-4160-90FA-453E3E6877C3}.Release|Any CPU.ActiveCfg = Release|Any CPU
		{1C81D90D-7E8B-4160-90FA-453E3E6877C3}.Release|Any CPU.Build.0 = Release|Any CPU
	EndGlobalSection
	GlobalSection(SolutionProperties) = preSolution
		HideSolutionNode = FALSE
	EndGlobalSection
	GlobalSection(ExtensibilityGlobals) = postSolution
		SolutionGuid = {89E7B015-2E25-4ED8-92B0-97B3EF0828D0}
	EndGlobalSection
EndGlobal
